// !$*UTF8*$!
{
	archiveVersion = 1;
	classes = {
	};
	objectVersion = 56;
	objects = {

/* Begin PBXBuildFile section */
		40D3328829A817F500FE7505 /* homePage1App.swift in Sources */ = {isa = PBXBuildFile; fileRef = 40D3328729A817F500FE7505 /* homePage1App.swift */; };
		40D3328A29A817F500FE7505 /* ContentView.swift in Sources */ = {isa = PBXBuildFile; fileRef = 40D3328929A817F500FE7505 /* ContentView.swift */; };
		40D3328C29A817F900FE7505 /* Assets.xcassets in Resources */ = {isa = PBXBuildFile; fileRef = 40D3328B29A817F900FE7505 /* Assets.xcassets */; };
		40D3328F29A817F900FE7505 /* Preview Assets.xcassets in Resources */ = {isa = PBXBuildFile; fileRef = 40D3328E29A817F900FE7505 /* Preview Assets.xcassets */; };
		40D332BF29A8193C00FE7505 /* PolicyTileView.swift in Sources */ = {isa = PBXBuildFile; fileRef = 40D332B729A8193C00FE7505 /* PolicyTileView.swift */; };
		40D332C029A8193C00FE7505 /* PolicyView.swift in Sources */ = {isa = PBXBuildFile; fileRef = 40D332B829A8193C00FE7505 /* PolicyView.swift */; };
		40D332C129A8193C00FE7505 /* SosView.swift in Sources */ = {isa = PBXBuildFile; fileRef = 40D332B929A8193C00FE7505 /* SosView.swift */; };
		40D332C229A8193C00FE7505 /* TripTileView.swift in Sources */ = {isa = PBXBuildFile; fileRef = 40D332BA29A8193C00FE7505 /* TripTileView.swift */; };
		40D332C329A8193C00FE7505 /* SosTileView.swift in Sources */ = {isa = PBXBuildFile; fileRef = 40D332BB29A8193C00FE7505 /* SosTileView.swift */; };
		40D332C429A8193C00FE7505 /* SettingsView.swift in Sources */ = {isa = PBXBuildFile; fileRef = 40D332BC29A8193C00FE7505 /* SettingsView.swift */; };
		40D332C529A8193C00FE7505 /* HomeHomeView.swift in Sources */ = {isa = PBXBuildFile; fileRef = 40D332BD29A8193C00FE7505 /* HomeHomeView.swift */; };
		40D332C629A8193C00FE7505 /* TripListRepresentView.swift in Sources */ = {isa = PBXBuildFile; fileRef = 40D332BE29A8193C00FE7505 /* TripListRepresentView.swift */; };
		40D332C929A8194500FE7505 /* AlertNearMeTileView.swift in Sources */ = {isa = PBXBuildFile; fileRef = 40D332C729A8194500FE7505 /* AlertNearMeTileView.swift */; };
		40D332CA29A8194500FE7505 /* ArcBottomShape.swift in Sources */ = {isa = PBXBuildFile; fileRef = 40D332C829A8194500FE7505 /* ArcBottomShape.swift */; };
		40D332CC29A8208400FE7505 /* Colors.swift in Sources */ = {isa = PBXBuildFile; fileRef = 40D332CB29A8208400FE7505 /* Colors.swift */; };
		40D332CE29A8532900FE7505 /* ShadowBackground.swift in Sources */ = {isa = PBXBuildFile; fileRef = 40D332CD29A8532900FE7505 /* ShadowBackground.swift */; };
/* End PBXBuildFile section */

/* Begin PBXFileReference section */
		40D3328429A817F500FE7505 /* homePage1.app */ = {isa = PBXFileReference; explicitFileType = wrapper.application; includeInIndex = 0; path = homePage1.app; sourceTree = BUILT_PRODUCTS_DIR; };
		40D3328729A817F500FE7505 /* homePage1App.swift */ = {isa = PBXFileReference; lastKnownFileType = sourcecode.swift; path = homePage1App.swift; sourceTree = "<group>"; };
		40D3328929A817F500FE7505 /* ContentView.swift */ = {isa = PBXFileReference; lastKnownFileType = sourcecode.swift; path = ContentView.swift; sourceTree = "<group>"; };
		40D3328B29A817F900FE7505 /* Assets.xcassets */ = {isa = PBXFileReference; lastKnownFileType = folder.assetcatalog; path = Assets.xcassets; sourceTree = "<group>"; };
		40D3328E29A817F900FE7505 /* Preview Assets.xcassets */ = {isa = PBXFileReference; lastKnownFileType = folder.assetcatalog; path = "Preview Assets.xcassets"; sourceTree = "<group>"; };
		40D332B729A8193C00FE7505 /* PolicyTileView.swift */ = {isa = PBXFileReference; fileEncoding = 4; lastKnownFileType = sourcecode.swift; name = PolicyTileView.swift; path = ../../homePage/homePage/PolicyTileView.swift; sourceTree = "<group>"; };
		40D332B829A8193C00FE7505 /* PolicyView.swift */ = {isa = PBXFileReference; fileEncoding = 4; lastKnownFileType = sourcecode.swift; name = PolicyView.swift; path = ../../homePage/homePage/PolicyView.swift; sourceTree = "<group>"; };
		40D332B929A8193C00FE7505 /* SosView.swift */ = {isa = PBXFileReference; fileEncoding = 4; lastKnownFileType = sourcecode.swift; name = SosView.swift; path = ../../homePage/homePage/SosView.swift; sourceTree = "<group>"; };
		40D332BA29A8193C00FE7505 /* TripTileView.swift */ = {isa = PBXFileReference; fileEncoding = 4; lastKnownFileType = sourcecode.swift; name = TripTileView.swift; path = ../../homePage/homePage/TripTileView.swift; sourceTree = "<group>"; };
		40D332BB29A8193C00FE7505 /* SosTileView.swift */ = {isa = PBXFileReference; fileEncoding = 4; lastKnownFileType = sourcecode.swift; name = SosTileView.swift; path = ../../homePage/homePage/SosTileView.swift; sourceTree = "<group>"; };
		40D332BC29A8193C00FE7505 /* SettingsView.swift */ = {isa = PBXFileReference; fileEncoding = 4; lastKnownFileType = sourcecode.swift; name = SettingsView.swift; path = ../../homePage/homePage/SettingsView.swift; sourceTree = "<group>"; };
		40D332BD29A8193C00FE7505 /* HomeHomeView.swift */ = {isa = PBXFileReference; fileEncoding = 4; lastKnownFileType = sourcecode.swift; name = HomeHomeView.swift; path = ../../homePage/homePage/HomeHomeView.swift; sourceTree = "<group>"; };
		40D332BE29A8193C00FE7505 /* TripListRepresentView.swift */ = {isa = PBXFileReference; fileEncoding = 4; lastKnownFileType = sourcecode.swift; name = TripListRepresentView.swift; path = ../../homePage/homePage/TripListRepresentView.swift; sourceTree = "<group>"; };
		40D332C729A8194500FE7505 /* AlertNearMeTileView.swift */ = {isa = PBXFileReference; fileEncoding = 4; lastKnownFileType = sourcecode.swift; name = AlertNearMeTileView.swift; path = ../../homePage/homePage/AlertNearMeTileView.swift; sourceTree = "<group>"; };
		40D332C829A8194500FE7505 /* ArcBottomShape.swift */ = {isa = PBXFileReference; fileEncoding = 4; lastKnownFileType = sourcecode.swift; name = ArcBottomShape.swift; path = ../../homePage/homePage/ArcBottomShape.swift; sourceTree = "<group>"; };
		40D332CB29A8208400FE7505 /* Colors.swift */ = {isa = PBXFileReference; fileEncoding = 4; lastKnownFileType = sourcecode.swift; path = Colors.swift; sourceTree = "<group>"; };
		40D332CD29A8532900FE7505 /* ShadowBackground.swift */ = {isa = PBXFileReference; lastKnownFileType = sourcecode.swift; path = ShadowBackground.swift; sourceTree = "<group>"; };
/* End PBXFileReference section */

/* Begin PBXFrameworksBuildPhase section */
		40D3328129A817F500FE7505 /* Frameworks */ = {
			isa = PBXFrameworksBuildPhase;
			buildActionMask = 2147483647;
			files = (
			);
			runOnlyForDeploymentPostprocessing = 0;
		};
/* End PBXFrameworksBuildPhase section */

/* Begin PBXGroup section */
		40D3327B29A817F500FE7505 = {
			isa = PBXGroup;
			children = (
				40D3328629A817F500FE7505 /* homePage1 */,
				40D3328529A817F500FE7505 /* Products */,
			);
			sourceTree = "<group>";
		};
		40D3328529A817F500FE7505 /* Products */ = {
			isa = PBXGroup;
			children = (
				40D3328429A817F500FE7505 /* homePage1.app */,
			);
			name = Products;
			sourceTree = "<group>";
		};
		40D3328629A817F500FE7505 /* homePage1 */ = {
			isa = PBXGroup;
			children = (
				40D3328729A817F500FE7505 /* homePage1App.swift */,
				40D3328929A817F500FE7505 /* ContentView.swift */,
				40D332BD29A8193C00FE7505 /* HomeHomeView.swift */,
				40D332B729A8193C00FE7505 /* PolicyTileView.swift */,
				40D332B829A8193C00FE7505 /* PolicyView.swift */,
				40D332BC29A8193C00FE7505 /* SettingsView.swift */,
				40D332BB29A8193C00FE7505 /* SosTileView.swift */,
				40D332B929A8193C00FE7505 /* SosView.swift */,
				40D332CB29A8208400FE7505 /* Colors.swift */,
				40D332BE29A8193C00FE7505 /* TripListRepresentView.swift */,
				40D332BA29A8193C00FE7505 /* TripTileView.swift */,
				40D332C729A8194500FE7505 /* AlertNearMeTileView.swift */,
				40D332C829A8194500FE7505 /* ArcBottomShape.swift */,
				40D3328B29A817F900FE7505 /* Assets.xcassets */,
				40D3328D29A817F900FE7505 /* Preview Content */,
				40D332CD29A8532900FE7505 /* ShadowBackground.swift */,
			);
			path = homePage1;
			sourceTree = "<group>";
		};
		40D3328D29A817F900FE7505 /* Preview Content */ = {
			isa = PBXGroup;
			children = (
				40D3328E29A817F900FE7505 /* Preview Assets.xcassets */,
			);
			path = "Preview Content";
			sourceTree = "<group>";
		};
/* End PBXGroup section */

/* Begin PBXNativeTarget section */
		40D3328329A817F500FE7505 /* homePage1 */ = {
			isa = PBXNativeTarget;
			buildConfigurationList = 40D3329229A817F900FE7505 /* Build configuration list for PBXNativeTarget "homePage1" */;
			buildPhases = (
				40D3328029A817F500FE7505 /* Sources */,
				40D3328129A817F500FE7505 /* Frameworks */,
				40D3328229A817F500FE7505 /* Resources */,
			);
			buildRules = (
			);
			dependencies = (
			);
			name = homePage1;
			productName = homePage1;
			productReference = 40D3328429A817F500FE7505 /* homePage1.app */;
			productType = "com.apple.product-type.application";
		};
/* End PBXNativeTarget section */

/* Begin PBXProject section */
		40D3327C29A817F500FE7505 /* Project object */ = {
			isa = PBXProject;
			attributes = {
				BuildIndependentTargetsInParallel = 1;
				LastSwiftUpdateCheck = 1420;
				LastUpgradeCheck = 1420;
				TargetAttributes = {
					40D3328329A817F500FE7505 = {
						CreatedOnToolsVersion = 14.2;
					};
				};
			};
			buildConfigurationList = 40D3327F29A817F500FE7505 /* Build configuration list for PBXProject "homePage1" */;
			compatibilityVersion = "Xcode 14.0";
			developmentRegion = en;
			hasScannedForEncodings = 0;
			knownRegions = (
				en,
				Base,
			);
			mainGroup = 40D3327B29A817F500FE7505;
			productRefGroup = 40D3328529A817F500FE7505 /* Products */;
			projectDirPath = "";
			projectRoot = "";
			targets = (
				40D3328329A817F500FE7505 /* homePage1 */,
			);
		};
/* End PBXProject section */

/* Begin PBXResourcesBuildPhase section */
		40D3328229A817F500FE7505 /* Resources */ = {
			isa = PBXResourcesBuildPhase;
			buildActionMask = 2147483647;
			files = (
				40D3328F29A817F900FE7505 /* Preview Assets.xcassets in Resources */,
				40D3328C29A817F900FE7505 /* Assets.xcassets in Resources */,
			);
			runOnlyForDeploymentPostprocessing = 0;
		};
/* End PBXResourcesBuildPhase section */

/* Begin PBXSourcesBuildPhase section */
		40D3328029A817F500FE7505 /* Sources */ = {
			isa = PBXSourcesBuildPhase;
			buildActionMask = 2147483647;
			files = (
				40D332C929A8194500FE7505 /* AlertNearMeTileView.swift in Sources */,
				40D332CE29A8532900FE7505 /* ShadowBackground.swift in Sources */,
				40D332BF29A8193C00FE7505 /* PolicyTileView.swift in Sources */,
				40D332C429A8193C00FE7505 /* SettingsView.swift in Sources */,
				40D332C629A8193C00FE7505 /* TripListRepresentView.swift in Sources */,
				40D3328A29A817F500FE7505 /* ContentView.swift in Sources */,
				40D332C529A8193C00FE7505 /* HomeHomeView.swift in Sources */,
				40D332C129A8193C00FE7505 /* SosView.swift in Sources */,
				40D332C229A8193C00FE7505 /* TripTileView.swift in Sources */,
				40D332CC29A8208400FE7505 /* Colors.swift in Sources */,
				40D332C329A8193C00FE7505 /* SosTileView.swift in Sources */,
				40D332C029A8193C00FE7505 /* PolicyView.swift in Sources */,
				40D3328829A817F500FE7505 /* homePage1App.swift in Sources */,
				40D332CA29A8194500FE7505 /* ArcBottomShape.swift in Sources */,
			);
			runOnlyForDeploymentPostprocessing = 0;
		};
/* End PBXSourcesBuildPhase section */

/* Begin XCBuildConfiguration section */
		40D3329029A817F900FE7505 /* Debug */ = {
			isa = XCBuildConfiguration;
			buildSettings = {
				ALWAYS_SEARCH_USER_PATHS = NO;
				CLANG_ANALYZER_NONNULL = YES;
				CLANG_ANALYZER_NUMBER_OBJECT_CONVERSION = YES_AGGRESSIVE;
				CLANG_CXX_LANGUAGE_STANDARD = "gnu++20";
				CLANG_ENABLE_MODULES = YES;
				CLANG_ENABLE_OBJC_ARC = YES;
				CLANG_ENABLE_OBJC_WEAK = YES;
				CLANG_WARN_BLOCK_CAPTURE_AUTORELEASING = YES;
				CLANG_WARN_BOOL_CONVERSION = YES;
				CLANG_WARN_COMMA = YES;
				CLANG_WARN_CONSTANT_CONVERSION = YES;
				CLANG_WARN_DEPRECATED_OBJC_IMPLEMENTATIONS = YES;
				CLANG_WARN_DIRECT_OBJC_ISA_USAGE = YES_ERROR;
				CLANG_WARN_DOCUMENTATION_COMMENTS = YES;
				CLANG_WARN_EMPTY_BODY = YES;
				CLANG_WARN_ENUM_CONVERSION = YES;
				CLANG_WARN_INFINITE_RECURSION = YES;
				CLANG_WARN_INT_CONVERSION = YES;
				CLANG_WARN_NON_LITERAL_NULL_CONVERSION = YES;
				CLANG_WARN_OBJC_IMPLICIT_RETAIN_SELF = YES;
				CLANG_WARN_OBJC_LITERAL_CONVERSION = YES;
				CLANG_WARN_OBJC_ROOT_CLASS = YES_ERROR;
				CLANG_WARN_QUOTED_INCLUDE_IN_FRAMEWORK_HEADER = YES;
				CLANG_WARN_RANGE_LOOP_ANALYSIS = YES;
				CLANG_WARN_STRICT_PROTOTYPES = YES;
				CLANG_WARN_SUSPICIOUS_MOVE = YES;
				CLANG_WARN_UNGUARDED_AVAILABILITY = YES_AGGRESSIVE;
				CLANG_WARN_UNREACHABLE_CODE = YES;
				CLANG_WARN__DUPLICATE_METHOD_MATCH = YES;
				COPY_PHASE_STRIP = NO;
				DEBUG_INFORMATION_FORMAT = dwarf;
				ENABLE_STRICT_OBJC_MSGSEND = YES;
				ENABLE_TESTABILITY = YES;
				GCC_C_LANGUAGE_STANDARD = gnu11;
				GCC_DYNAMIC_NO_PIC = NO;
				GCC_NO_COMMON_BLOCKS = YES;
				GCC_OPTIMIZATION_LEVEL = 0;
				GCC_PREPROCESSOR_DEFINITIONS = (
					"DEBUG=1",
					"$(inherited)",
				);
				GCC_WARN_64_TO_32_BIT_CONVERSION = YES;
				GCC_WARN_ABOUT_RETURN_TYPE = YES_ERROR;
				GCC_WARN_UNDECLARED_SELECTOR = YES;
				GCC_WARN_UNINITIALIZED_AUTOS = YES_AGGRESSIVE;
				GCC_WARN_UNUSED_FUNCTION = YES;
				GCC_WARN_UNUSED_VARIABLE = YES;
				IPHONEOS_DEPLOYMENT_TARGET = 14.0;
				MTL_ENABLE_DEBUG_INFO = INCLUDE_SOURCE;
				MTL_FAST_MATH = YES;
				ONLY_ACTIVE_ARCH = YES;
				SDKROOT = iphoneos;
				SWIFT_ACTIVE_COMPILATION_CONDITIONS = DEBUG;
				SWIFT_OPTIMIZATION_LEVEL = "-Onone";
			};
			name = Debug;
		};
		40D3329129A817F900FE7505 /* Release */ = {
			isa = XCBuildConfiguration;
			buildSettings = {
				ALWAYS_SEARCH_USER_PATHS = NO;
				CLANG_ANALYZER_NONNULL = YES;
				CLANG_ANALYZER_NUMBER_OBJECT_CONVERSION = YES_AGGRESSIVE;
				CLANG_CXX_LANGUAGE_STANDARD = "gnu++20";
				CLANG_ENABLE_MODULES = YES;
				CLANG_ENABLE_OBJC_ARC = YES;
				CLANG_ENABLE_OBJC_WEAK = YES;
				CLANG_WARN_BLOCK_CAPTURE_AUTORELEASING = YES;
				CLANG_WARN_BOOL_CONVERSION = YES;
				CLANG_WARN_COMMA = YES;
				CLANG_WARN_CONSTANT_CONVERSION = YES;
				CLANG_WARN_DEPRECATED_OBJC_IMPLEMENTATIONS = YES;
				CLANG_WARN_DIRECT_OBJC_ISA_USAGE = YES_ERROR;
				CLANG_WARN_DOCUMENTATION_COMMENTS = YES;
				CLANG_WARN_EMPTY_BODY = YES;
				CLANG_WARN_ENUM_CONVERSION = YES;
				CLANG_WARN_INFINITE_RECURSION = YES;
				CLANG_WARN_INT_CONVERSION = YES;
				CLANG_WARN_NON_LITERAL_NULL_CONVERSION = YES;
				CLANG_WARN_OBJC_IMPLICIT_RETAIN_SELF = YES;
				CLANG_WARN_OBJC_LITERAL_CONVERSION = YES;
				CLANG_WARN_OBJC_ROOT_CLASS = YES_ERROR;
				CLANG_WARN_QUOTED_INCLUDE_IN_FRAMEWORK_HEADER = YES;
				CLANG_WARN_RANGE_LOOP_ANALYSIS = YES;
				CLANG_WARN_STRICT_PROTOTYPES = YES;
				CLANG_WARN_SUSPICIOUS_MOVE = YES;
				CLANG_WARN_UNGUARDED_AVAILABILITY = YES_AGGRESSIVE;
				CLANG_WARN_UNREACHABLE_CODE = YES;
				CLANG_WARN__DUPLICATE_METHOD_MATCH = YES;
				COPY_PHASE_STRIP = NO;
				DEBUG_INFORMATION_FORMAT = "dwarf-with-dsym";
				ENABLE_NS_ASSERTIONS = NO;
				ENABLE_STRICT_OBJC_MSGSEND = YES;
				GCC_C_LANGUAGE_STANDARD = gnu11;
				GCC_NO_COMMON_BLOCKS = YES;
				GCC_WARN_64_TO_32_BIT_CONVERSION = YES;
				GCC_WARN_ABOUT_RETURN_TYPE = YES_ERROR;
				GCC_WARN_UNDECLARED_SELECTOR = YES;
				GCC_WARN_UNINITIALIZED_AUTOS = YES_AGGRESSIVE;
				GCC_WARN_UNUSED_FUNCTION = YES;
				GCC_WARN_UNUSED_VARIABLE = YES;
				IPHONEOS_DEPLOYMENT_TARGET = 14.0;
				MTL_ENABLE_DEBUG_INFO = NO;
				MTL_FAST_MATH = YES;
				SDKROOT = iphoneos;
				SWIFT_COMPILATION_MODE = wholemodule;
				SWIFT_OPTIMIZATION_LEVEL = "-O";
				VALIDATE_PRODUCT = YES;
			};
			name = Release;
		};
		40D3329329A817F900FE7505 /* Debug */ = {
			isa = XCBuildConfiguration;
			buildSettings = {
				ASSETCATALOG_COMPILER_APPICON_NAME = AppIcon;
				ASSETCATALOG_COMPILER_GLOBAL_ACCENT_COLOR_NAME = AccentColor;
				CODE_SIGN_STYLE = Automatic;
				CURRENT_PROJECT_VERSION = 1;
				DEVELOPMENT_ASSET_PATHS = "\"homePage1/Preview Content\"";
				DEVELOPMENT_TEAM = 82YDV8SD7J;
				ENABLE_PREVIEWS = YES;
				GENERATE_INFOPLIST_FILE = YES;
				INFOPLIST_KEY_UIApplicationSceneManifest_Generation = YES;
				INFOPLIST_KEY_UIApplicationSupportsIndirectInputEvents = YES;
				INFOPLIST_KEY_UILaunchScreen_Generation = YES;
				INFOPLIST_KEY_UISupportedInterfaceOrientations_iPad = "UIInterfaceOrientationPortrait UIInterfaceOrientationPortraitUpsideDown UIInterfaceOrientationLandscapeLeft UIInterfaceOrientationLandscapeRight";
				INFOPLIST_KEY_UISupportedInterfaceOrientations_iPhone = "UIInterfaceOrientationPortrait UIInterfaceOrientationLandscapeLeft UIInterfaceOrientationLandscapeRight";
				LD_RUNPATH_SEARCH_PATHS = (
					"$(inherited)",
					"@executable_path/Frameworks",
				);
				MARKETING_VERSION = 1.0;
				PRODUCT_BUNDLE_IDENTIFIER = com.covermore.leisure.dev.homePage1;
				PRODUCT_NAME = "$(TARGET_NAME)";
				SWIFT_EMIT_LOC_STRINGS = YES;
				SWIFT_VERSION = 5.0;
				TARGETED_DEVICE_FAMILY = "1,2";
			};
			name = Debug;
		};
		40D3329429A817F900FE7505 /* Release */ = {
			isa = XCBuildConfiguration;
			buildSettings = {
				ASSETCATALOG_COMPILER_APPICON_NAME = AppIcon;
				ASSETCATALOG_COMPILER_GLOBAL_ACCENT_COLOR_NAME = AccentColor;
				CODE_SIGN_STYLE = Automatic;
				CURRENT_PROJECT_VERSION = 1;
				DEVELOPMENT_ASSET_PATHS = "\"homePage1/Preview Content\"";
				DEVELOPMENT_TEAM = 82YDV8SD7J;
				ENABLE_PREVIEWS = YES;
				GENERATE_INFOPLIST_FILE = YES;
				INFOPLIST_KEY_UIApplicationSceneManifest_Generation = YES;
				INFOPLIST_KEY_UIApplicationSupportsIndirectInputEvents = YES;
				INFOPLIST_KEY_UILaunchScreen_Generation = YES;
				INFOPLIST_KEY_UISupportedInterfaceOrientations_iPad = "UIInterfaceOrientationPortrait UIInterfaceOrientationPortraitUpsideDown UIInterfaceOrientationLandscapeLeft UIInterfaceOrientationLandscapeRight";
				INFOPLIST_KEY_UISupportedInterfaceOrientations_iPhone = "UIInterfaceOrientationPortrait UIInterfaceOrientationLandscapeLeft UIInterfaceOrientationLandscapeRight";
				LD_RUNPATH_SEARCH_PATHS = (
					"$(inherited)",
					"@executable_path/Frameworks",
				);
				MARKETING_VERSION = 1.0;
				PRODUCT_BUNDLE_IDENTIFIER = com.covermore.leisure.dev.homePage1;
				PRODUCT_NAME = "$(TARGET_NAME)";
				SWIFT_EMIT_LOC_STRINGS = YES;
				SWIFT_VERSION = 5.0;
				TARGETED_DEVICE_FAMILY = "1,2";
			};
			name = Release;
		};
/* End XCBuildConfiguration section */

/* Begin XCConfigurationList section */
		40D3327F29A817F500FE7505 /* Build configuration list for PBXProject "homePage1" */ = {
			isa = XCConfigurationList;
			buildConfigurations = (
				40D3329029A817F900FE7505 /* Debug */,
				40D3329129A817F900FE7505 /* Release */,
			);
			defaultConfigurationIsVisible = 0;
			defaultConfigurationName = Release;
		};
		40D3329229A817F900FE7505 /* Build configuration list for PBXNativeTarget "homePage1" */ = {
			isa = XCConfigurationList;
			buildConfigurations = (
				40D3329329A817F900FE7505 /* Debug */,
				40D3329429A817F900FE7505 /* Release */,
			);
			defaultConfigurationIsVisible = 0;
			defaultConfigurationName = Release;
		};
/* End XCConfigurationList section */
	};
	rootObject = 40D3327C29A817F500FE7505 /* Project object */;
}
