// !$*UTF8*$!
{
	archiveVersion = 1;
	classes = {
	};
	objectVersion = 55;
	objects = {

/* Begin PBXBuildFile section */
		7467BC332959CA88004FBFC4 /* CircleGestureDemoApp.swift in Sources */ = {isa = PBXBuildFile; fileRef = 7467BC322959CA88004FBFC4 /* CircleGestureDemoApp.swift */; };
		7467BC352959CA88004FBFC4 /* ContentView.swift in Sources */ = {isa = PBXBuildFile; fileRef = 7467BC342959CA88004FBFC4 /* ContentView.swift */; };
		7467BC372959CA8A004FBFC4 /* Assets.xcassets in Resources */ = {isa = PBXBuildFile; fileRef = 7467BC362959CA8A004FBFC4 /* Assets.xcassets */; };
		7467BC3A2959CA8A004FBFC4 /* Preview Assets.xcassets in Resources */ = {isa = PBXBuildFile; fileRef = 7467BC392959CA8A004FBFC4 /* Preview Assets.xcassets */; };
		7467BC41295A9106004FBFC4 /* PicIslandViewModel.swift in Sources */ = {isa = PBXBuildFile; fileRef = 7467BC40295A9106004FBFC4 /* PicIslandViewModel.swift */; };
		7467BC43295A91C5004FBFC4 /* IconModel.swift in Sources */ = {isa = PBXBuildFile; fileRef = 7467BC42295A91C5004FBFC4 /* IconModel.swift */; };
		7467BC45295BAB1B004FBFC4 /* globe-2.gif in Resources */ = {isa = PBXBuildFile; fileRef = 7467BC44295BAB1B004FBFC4 /* globe-2.gif */; };
		7467BC4C295BB181004FBFC4 /* FLAnimatedImage in Frameworks */ = {isa = PBXBuildFile; productRef = 7467BC4B295BB181004FBFC4 /* FLAnimatedImage */; };
		7467BC50295BB22B004FBFC4 /* URLType.swift in Sources */ = {isa = PBXBuildFile; fileRef = 7467BC4F295BB22B004FBFC4 /* URLType.swift */; };
		7467BC55295C4374004FBFC4 /* SummaryView.swift in Sources */ = {isa = PBXBuildFile; fileRef = 7467BC54295C4374004FBFC4 /* SummaryView.swift */; };
		7467BC57295C46D0004FBFC4 /* PolicyView.swift in Sources */ = {isa = PBXBuildFile; fileRef = 7467BC56295C46D0004FBFC4 /* PolicyView.swift */; };
		7467BC59295C4F7E004FBFC4 /* globe.gif in Resources */ = {isa = PBXBuildFile; fileRef = 7467BC58295C4F7E004FBFC4 /* globe.gif */; };
/* End PBXBuildFile section */

/* Begin PBXFileReference section */
		6CD11BA0C2031C5AB403C3E8 /* Pods-CircleGestureDemo.debug.xcconfig */ = {isa = PBXFileReference; includeInIndex = 1; lastKnownFileType = text.xcconfig; name = "Pods-CircleGestureDemo.debug.xcconfig"; path = "Target Support Files/Pods-CircleGestureDemo/Pods-CircleGestureDemo.debug.xcconfig"; sourceTree = "<group>"; };
		7467BC2F2959CA88004FBFC4 /* CircleGestureDemo.app */ = {isa = PBXFileReference; explicitFileType = wrapper.application; includeInIndex = 0; path = CircleGestureDemo.app; sourceTree = BUILT_PRODUCTS_DIR; };
		7467BC322959CA88004FBFC4 /* CircleGestureDemoApp.swift */ = {isa = PBXFileReference; lastKnownFileType = sourcecode.swift; path = CircleGestureDemoApp.swift; sourceTree = "<group>"; };
		7467BC342959CA88004FBFC4 /* ContentView.swift */ = {isa = PBXFileReference; lastKnownFileType = sourcecode.swift; path = ContentView.swift; sourceTree = "<group>"; };
		7467BC362959CA8A004FBFC4 /* Assets.xcassets */ = {isa = PBXFileReference; lastKnownFileType = folder.assetcatalog; path = Assets.xcassets; sourceTree = "<group>"; };
		7467BC392959CA8A004FBFC4 /* Preview Assets.xcassets */ = {isa = PBXFileReference; lastKnownFileType = folder.assetcatalog; path = "Preview Assets.xcassets"; sourceTree = "<group>"; };
		7467BC40295A9106004FBFC4 /* PicIslandViewModel.swift */ = {isa = PBXFileReference; lastKnownFileType = sourcecode.swift; path = PicIslandViewModel.swift; sourceTree = "<group>"; };
		7467BC42295A91C5004FBFC4 /* IconModel.swift */ = {isa = PBXFileReference; lastKnownFileType = sourcecode.swift; path = IconModel.swift; sourceTree = "<group>"; };
		7467BC44295BAB1B004FBFC4 /* globe-2.gif */ = {isa = PBXFileReference; lastKnownFileType = image.gif; path = "globe-2.gif"; sourceTree = "<group>"; };
		7467BC4F295BB22B004FBFC4 /* URLType.swift */ = {isa = PBXFileReference; lastKnownFileType = sourcecode.swift; path = URLType.swift; sourceTree = "<group>"; };
		7467BC54295C4374004FBFC4 /* SummaryView.swift */ = {isa = PBXFileReference; lastKnownFileType = sourcecode.swift; path = SummaryView.swift; sourceTree = "<group>"; };
		7467BC56295C46D0004FBFC4 /* PolicyView.swift */ = {isa = PBXFileReference; lastKnownFileType = sourcecode.swift; path = PolicyView.swift; sourceTree = "<group>"; };
		7467BC58295C4F7E004FBFC4 /* globe.gif */ = {isa = PBXFileReference; lastKnownFileType = image.gif; path = globe.gif; sourceTree = "<group>"; };
		BD18FF3005DD82251E0E7CB7 /* Pods-CircleGestureDemo.release.xcconfig */ = {isa = PBXFileReference; includeInIndex = 1; lastKnownFileType = text.xcconfig; name = "Pods-CircleGestureDemo.release.xcconfig"; path = "Target Support Files/Pods-CircleGestureDemo/Pods-CircleGestureDemo.release.xcconfig"; sourceTree = "<group>"; };
/* End PBXFileReference section */

/* Begin PBXFrameworksBuildPhase section */
		7467BC2C2959CA88004FBFC4 /* Frameworks */ = {
			isa = PBXFrameworksBuildPhase;
			buildActionMask = 2147483647;
			files = (
				7467BC4C295BB181004FBFC4 /* FLAnimatedImage in Frameworks */,
			);
			runOnlyForDeploymentPostprocessing = 0;
		};
/* End PBXFrameworksBuildPhase section */

/* Begin PBXGroup section */
		7467BC262959CA88004FBFC4 = {
			isa = PBXGroup;
			children = (
				7467BC312959CA88004FBFC4 /* CircleGestureDemo */,
				7467BC302959CA88004FBFC4 /* Products */,
				A0B5C1023B0CAE59F2010297 /* Pods */,
			);
			sourceTree = "<group>";
		};
		7467BC302959CA88004FBFC4 /* Products */ = {
			isa = PBXGroup;
			children = (
				7467BC2F2959CA88004FBFC4 /* CircleGestureDemo.app */,
			);
			name = Products;
			sourceTree = "<group>";
		};
		7467BC312959CA88004FBFC4 /* CircleGestureDemo */ = {
			isa = PBXGroup;
			children = (
				7467BC322959CA88004FBFC4 /* CircleGestureDemoApp.swift */,
				7467BC342959CA88004FBFC4 /* ContentView.swift */,
				7467BC362959CA8A004FBFC4 /* Assets.xcassets */,
				7467BC382959CA8A004FBFC4 /* Preview Content */,
				7467BC40295A9106004FBFC4 /* PicIslandViewModel.swift */,
				7467BC42295A91C5004FBFC4 /* IconModel.swift */,
				7467BC44295BAB1B004FBFC4 /* globe-2.gif */,
				7467BC58295C4F7E004FBFC4 /* globe.gif */,
				7467BC4F295BB22B004FBFC4 /* URLType.swift */,
				7467BC54295C4374004FBFC4 /* SummaryView.swift */,
				7467BC56295C46D0004FBFC4 /* PolicyView.swift */,
			);
			path = CircleGestureDemo;
			sourceTree = "<group>";
		};
		7467BC382959CA8A004FBFC4 /* Preview Content */ = {
			isa = PBXGroup;
			children = (
				7467BC392959CA8A004FBFC4 /* Preview Assets.xcassets */,
			);
			path = "Preview Content";
			sourceTree = "<group>";
		};
		A0B5C1023B0CAE59F2010297 /* Pods */ = {
			isa = PBXGroup;
			children = (
				6CD11BA0C2031C5AB403C3E8 /* Pods-CircleGestureDemo.debug.xcconfig */,
				BD18FF3005DD82251E0E7CB7 /* Pods-CircleGestureDemo.release.xcconfig */,
			);
			path = Pods;
			sourceTree = "<group>";
		};
/* End PBXGroup section */

/* Begin PBXNativeTarget section */
		7467BC2E2959CA88004FBFC4 /* CircleGestureDemo */ = {
			isa = PBXNativeTarget;
			buildConfigurationList = 7467BC3D2959CA8A004FBFC4 /* Build configuration list for PBXNativeTarget "CircleGestureDemo" */;
			buildPhases = (
				2279D5EB015BD6741E9E1779 /* [CP] Check Pods Manifest.lock */,
				7467BC2B2959CA88004FBFC4 /* Sources */,
				7467BC2C2959CA88004FBFC4 /* Frameworks */,
				7467BC2D2959CA88004FBFC4 /* Resources */,
				8542F4519985A167ACE7CAF0 /* [CP] Embed Pods Frameworks */,
			);
			buildRules = (
			);
			dependencies = (
			);
			name = CircleGestureDemo;
			packageProductDependencies = (
				7467BC4B295BB181004FBFC4 /* FLAnimatedImage */,
			);
			productName = CircleGestureDemo;
			productReference = 7467BC2F2959CA88004FBFC4 /* CircleGestureDemo.app */;
			productType = "com.apple.product-type.application";
		};
/* End PBXNativeTarget section */

/* Begin PBXProject section */
		7467BC272959CA88004FBFC4 /* Project object */ = {
			isa = PBXProject;
			attributes = {
				BuildIndependentTargetsInParallel = 1;
				LastSwiftUpdateCheck = 1340;
				LastUpgradeCheck = 1340;
				TargetAttributes = {
					7467BC2E2959CA88004FBFC4 = {
						CreatedOnToolsVersion = 13.4.1;
					};
				};
			};
			buildConfigurationList = 7467BC2A2959CA88004FBFC4 /* Build configuration list for PBXProject "CircleGestureDemo" */;
			compatibilityVersion = "Xcode 13.0";
			developmentRegion = en;
			hasScannedForEncodings = 0;
			knownRegions = (
				en,
				Base,
			);
			mainGroup = 7467BC262959CA88004FBFC4;
			packageReferences = (
				7467BC4A295BB181004FBFC4 /* XCRemoteSwiftPackageReference "FLAnimatedImage" */,
			);
			productRefGroup = 7467BC302959CA88004FBFC4 /* Products */;
			projectDirPath = "";
			projectRoot = "";
			targets = (
				7467BC2E2959CA88004FBFC4 /* CircleGestureDemo */,
			);
		};
/* End PBXProject section */

/* Begin PBXResourcesBuildPhase section */
		7467BC2D2959CA88004FBFC4 /* Resources */ = {
			isa = PBXResourcesBuildPhase;
			buildActionMask = 2147483647;
			files = (
				7467BC45295BAB1B004FBFC4 /* globe-2.gif in Resources */,
				7467BC3A2959CA8A004FBFC4 /* Preview Assets.xcassets in Resources */,
				7467BC59295C4F7E004FBFC4 /* globe.gif in Resources */,
				7467BC372959CA8A004FBFC4 /* Assets.xcassets in Resources */,
			);
			runOnlyForDeploymentPostprocessing = 0;
		};
/* End PBXResourcesBuildPhase section */

/* Begin PBXShellScriptBuildPhase section */
		2279D5EB015BD6741E9E1779 /* [CP] Check Pods Manifest.lock */ = {
			isa = PBXShellScriptBuildPhase;
			buildActionMask = 2147483647;
			files = (
			);
			inputFileListPaths = (
			);
			inputPaths = (
				"${PODS_PODFILE_DIR_PATH}/Podfile.lock",
				"${PODS_ROOT}/Manifest.lock",
			);
			name = "[CP] Check Pods Manifest.lock";
			outputFileListPaths = (
			);
			outputPaths = (
				"$(DERIVED_FILE_DIR)/Pods-CircleGestureDemo-checkManifestLockResult.txt",
			);
			runOnlyForDeploymentPostprocessing = 0;
			shellPath = /bin/sh;
			shellScript = "diff \"${PODS_PODFILE_DIR_PATH}/Podfile.lock\" \"${PODS_ROOT}/Manifest.lock\" > /dev/null\nif [ $? != 0 ] ; then\n    # print error to STDERR\n    echo \"error: The sandbox is not in sync with the Podfile.lock. Run 'pod install' or update your CocoaPods installation.\" >&2\n    exit 1\nfi\n# This output is used by Xcode 'outputs' to avoid re-running this script phase.\necho \"SUCCESS\" > \"${SCRIPT_OUTPUT_FILE_0}\"\n";
			showEnvVarsInLog = 0;
		};
		8542F4519985A167ACE7CAF0 /* [CP] Embed Pods Frameworks */ = {
			isa = PBXShellScriptBuildPhase;
			buildActionMask = 2147483647;
			files = (
			);
			inputFileListPaths = (
				"${PODS_ROOT}/Target Support Files/Pods-CircleGestureDemo/Pods-CircleGestureDemo-frameworks-${CONFIGURATION}-input-files.xcfilelist",
			);
			name = "[CP] Embed Pods Frameworks";
			outputFileListPaths = (
				"${PODS_ROOT}/Target Support Files/Pods-CircleGestureDemo/Pods-CircleGestureDemo-frameworks-${CONFIGURATION}-output-files.xcfilelist",
			);
			runOnlyForDeploymentPostprocessing = 0;
			shellPath = /bin/sh;
			shellScript = "\"${PODS_ROOT}/Target Support Files/Pods-CircleGestureDemo/Pods-CircleGestureDemo-frameworks.sh\"\n";
			showEnvVarsInLog = 0;
		};
/* End PBXShellScriptBuildPhase section */

/* Begin PBXSourcesBuildPhase section */
		7467BC2B2959CA88004FBFC4 /* Sources */ = {
			isa = PBXSourcesBuildPhase;
			buildActionMask = 2147483647;
			files = (
				7467BC43295A91C5004FBFC4 /* IconModel.swift in Sources */,
				7467BC50295BB22B004FBFC4 /* URLType.swift in Sources */,
				7467BC41295A9106004FBFC4 /* PicIslandViewModel.swift in Sources */,
				7467BC352959CA88004FBFC4 /* ContentView.swift in Sources */,
				7467BC57295C46D0004FBFC4 /* PolicyView.swift in Sources */,
				7467BC332959CA88004FBFC4 /* CircleGestureDemoApp.swift in Sources */,
				7467BC55295C4374004FBFC4 /* SummaryView.swift in Sources */,
			);
			runOnlyForDeploymentPostprocessing = 0;
		};
/* End PBXSourcesBuildPhase section */

/* Begin XCBuildConfiguration section */
		7467BC3B2959CA8A004FBFC4 /* Debug */ = {
			isa = XCBuildConfiguration;
			buildSettings = {
				ALWAYS_SEARCH_USER_PATHS = NO;
				CLANG_ANALYZER_NONNULL = YES;
				CLANG_ANALYZER_NUMBER_OBJECT_CONVERSION = YES_AGGRESSIVE;
				CLANG_CXX_LANGUAGE_STANDARD = "gnu++17";
				CLANG_ENABLE_MODULES = YES;
				CLANG_ENABLE_OBJC_ARC = YES;
				CLANG_ENABLE_OBJC_WEAK = YES;
				CLANG_WARN_BLOCK_CAPTURE_AUTORELEASING = YES;
				CLANG_WARN_BOOL_CONVERSION = YES;
				CLANG_WARN_COMMA = YES;
				CLANG_WARN_CONSTANT_CONVERSION = YES;
				CLANG_WARN_DEPRECATED_OBJC_IMPLEMENTATIONS = YES;
				CLANG_WARN_DIRECT_OBJC_ISA_USAGE = YES_ERROR;
				CLANG_WARN_DOCUMENTATION_COMMENTS = YES;
				CLANG_WARN_EMPTY_BODY = YES;
				CLANG_WARN_ENUM_CONVERSION = YES;
				CLANG_WARN_INFINITE_RECURSION = YES;
				CLANG_WARN_INT_CONVERSION = YES;
				CLANG_WARN_NON_LITERAL_NULL_CONVERSION = YES;
				CLANG_WARN_OBJC_IMPLICIT_RETAIN_SELF = YES;
				CLANG_WARN_OBJC_LITERAL_CONVERSION = YES;
				CLANG_WARN_OBJC_ROOT_CLASS = YES_ERROR;
				CLANG_WARN_QUOTED_INCLUDE_IN_FRAMEWORK_HEADER = YES;
				CLANG_WARN_RANGE_LOOP_ANALYSIS = YES;
				CLANG_WARN_STRICT_PROTOTYPES = YES;
				CLANG_WARN_SUSPICIOUS_MOVE = YES;
				CLANG_WARN_UNGUARDED_AVAILABILITY = YES_AGGRESSIVE;
				CLANG_WARN_UNREACHABLE_CODE = YES;
				CLANG_WARN__DUPLICATE_METHOD_MATCH = YES;
				COPY_PHASE_STRIP = NO;
				DEBUG_INFORMATION_FORMAT = dwarf;
				ENABLE_STRICT_OBJC_MSGSEND = YES;
				ENABLE_TESTABILITY = YES;
				GCC_C_LANGUAGE_STANDARD = gnu11;
				GCC_DYNAMIC_NO_PIC = NO;
				GCC_NO_COMMON_BLOCKS = YES;
				GCC_OPTIMIZATION_LEVEL = 0;
				GCC_PREPROCESSOR_DEFINITIONS = (
					"DEBUG=1",
					"$(inherited)",
				);
				GCC_WARN_64_TO_32_BIT_CONVERSION = YES;
				GCC_WARN_ABOUT_RETURN_TYPE = YES_ERROR;
				GCC_WARN_UNDECLARED_SELECTOR = YES;
				GCC_WARN_UNINITIALIZED_AUTOS = YES_AGGRESSIVE;
				GCC_WARN_UNUSED_FUNCTION = YES;
				GCC_WARN_UNUSED_VARIABLE = YES;
				IPHONEOS_DEPLOYMENT_TARGET = 15.5;
				MTL_ENABLE_DEBUG_INFO = INCLUDE_SOURCE;
				MTL_FAST_MATH = YES;
				ONLY_ACTIVE_ARCH = YES;
				SDKROOT = iphoneos;
				SWIFT_ACTIVE_COMPILATION_CONDITIONS = DEBUG;
				SWIFT_OPTIMIZATION_LEVEL = "-Onone";
			};
			name = Debug;
		};
		7467BC3C2959CA8A004FBFC4 /* Release */ = {
			isa = XCBuildConfiguration;
			buildSettings = {
				ALWAYS_SEARCH_USER_PATHS = NO;
				CLANG_ANALYZER_NONNULL = YES;
				CLANG_ANALYZER_NUMBER_OBJECT_CONVERSION = YES_AGGRESSIVE;
				CLANG_CXX_LANGUAGE_STANDARD = "gnu++17";
				CLANG_ENABLE_MODULES = YES;
				CLANG_ENABLE_OBJC_ARC = YES;
				CLANG_ENABLE_OBJC_WEAK = YES;
				CLANG_WARN_BLOCK_CAPTURE_AUTORELEASING = YES;
				CLANG_WARN_BOOL_CONVERSION = YES;
				CLANG_WARN_COMMA = YES;
				CLANG_WARN_CONSTANT_CONVERSION = YES;
				CLANG_WARN_DEPRECATED_OBJC_IMPLEMENTATIONS = YES;
				CLANG_WARN_DIRECT_OBJC_ISA_USAGE = YES_ERROR;
				CLANG_WARN_DOCUMENTATION_COMMENTS = YES;
				CLANG_WARN_EMPTY_BODY = YES;
				CLANG_WARN_ENUM_CONVERSION = YES;
				CLANG_WARN_INFINITE_RECURSION = YES;
				CLANG_WARN_INT_CONVERSION = YES;
				CLANG_WARN_NON_LITERAL_NULL_CONVERSION = YES;
				CLANG_WARN_OBJC_IMPLICIT_RETAIN_SELF = YES;
				CLANG_WARN_OBJC_LITERAL_CONVERSION = YES;
				CLANG_WARN_OBJC_ROOT_CLASS = YES_ERROR;
				CLANG_WARN_QUOTED_INCLUDE_IN_FRAMEWORK_HEADER = YES;
				CLANG_WARN_RANGE_LOOP_ANALYSIS = YES;
				CLANG_WARN_STRICT_PROTOTYPES = YES;
				CLANG_WARN_SUSPICIOUS_MOVE = YES;
				CLANG_WARN_UNGUARDED_AVAILABILITY = YES_AGGRESSIVE;
				CLANG_WARN_UNREACHABLE_CODE = YES;
				CLANG_WARN__DUPLICATE_METHOD_MATCH = YES;
				COPY_PHASE_STRIP = NO;
				DEBUG_INFORMATION_FORMAT = "dwarf-with-dsym";
				ENABLE_NS_ASSERTIONS = NO;
				ENABLE_STRICT_OBJC_MSGSEND = YES;
				GCC_C_LANGUAGE_STANDARD = gnu11;
				GCC_NO_COMMON_BLOCKS = YES;
				GCC_WARN_64_TO_32_BIT_CONVERSION = YES;
				GCC_WARN_ABOUT_RETURN_TYPE = YES_ERROR;
				GCC_WARN_UNDECLARED_SELECTOR = YES;
				GCC_WARN_UNINITIALIZED_AUTOS = YES_AGGRESSIVE;
				GCC_WARN_UNUSED_FUNCTION = YES;
				GCC_WARN_UNUSED_VARIABLE = YES;
				IPHONEOS_DEPLOYMENT_TARGET = 15.5;
				MTL_ENABLE_DEBUG_INFO = NO;
				MTL_FAST_MATH = YES;
				SDKROOT = iphoneos;
				SWIFT_COMPILATION_MODE = wholemodule;
				SWIFT_OPTIMIZATION_LEVEL = "-O";
				VALIDATE_PRODUCT = YES;
			};
			name = Release;
		};
		7467BC3E2959CA8A004FBFC4 /* Debug */ = {
			isa = XCBuildConfiguration;
			baseConfigurationReference = 6CD11BA0C2031C5AB403C3E8 /* Pods-CircleGestureDemo.debug.xcconfig */;
			buildSettings = {
				ASSETCATALOG_COMPILER_APPICON_NAME = AppIcon;
				ASSETCATALOG_COMPILER_GLOBAL_ACCENT_COLOR_NAME = AccentColor;
				CODE_SIGN_STYLE = Automatic;
				CURRENT_PROJECT_VERSION = 1;
				DEVELOPMENT_ASSET_PATHS = "\"CircleGestureDemo/Preview Content\"";
				DEVELOPMENT_TEAM = 82YDV8SD7J;
				ENABLE_PREVIEWS = YES;
				GENERATE_INFOPLIST_FILE = YES;
				INFOPLIST_KEY_UIApplicationSceneManifest_Generation = YES;
				INFOPLIST_KEY_UIApplicationSupportsIndirectInputEvents = YES;
				INFOPLIST_KEY_UILaunchScreen_Generation = YES;
				INFOPLIST_KEY_UISupportedInterfaceOrientations_iPad = "UIInterfaceOrientationPortrait UIInterfaceOrientationPortraitUpsideDown UIInterfaceOrientationLandscapeLeft UIInterfaceOrientationLandscapeRight";
				INFOPLIST_KEY_UISupportedInterfaceOrientations_iPhone = "UIInterfaceOrientationPortrait UIInterfaceOrientationLandscapeLeft UIInterfaceOrientationLandscapeRight";
				LD_RUNPATH_SEARCH_PATHS = (
					"$(inherited)",
					"@executable_path/Frameworks",
				);
				MARKETING_VERSION = 1.0;
				PRODUCT_BUNDLE_IDENTIFIER = home.demo.CircleGestureDemo;
				PRODUCT_NAME = "$(TARGET_NAME)";
				SWIFT_EMIT_LOC_STRINGS = YES;
				SWIFT_VERSION = 5.0;
				TARGETED_DEVICE_FAMILY = "1,2";
			};
			name = Debug;
		};
		7467BC3F2959CA8A004FBFC4 /* Release */ = {
			isa = XCBuildConfiguration;
			baseConfigurationReference = BD18FF3005DD82251E0E7CB7 /* Pods-CircleGestureDemo.release.xcconfig */;
			buildSettings = {
				ASSETCATALOG_COMPILER_APPICON_NAME = AppIcon;
				ASSETCATALOG_COMPILER_GLOBAL_ACCENT_COLOR_NAME = AccentColor;
				CODE_SIGN_STYLE = Automatic;
				CURRENT_PROJECT_VERSION = 1;
				DEVELOPMENT_ASSET_PATHS = "\"CircleGestureDemo/Preview Content\"";
				DEVELOPMENT_TEAM = 82YDV8SD7J;
				ENABLE_PREVIEWS = YES;
				GENERATE_INFOPLIST_FILE = YES;
				INFOPLIST_KEY_UIApplicationSceneManifest_Generation = YES;
				INFOPLIST_KEY_UIApplicationSupportsIndirectInputEvents = YES;
				INFOPLIST_KEY_UILaunchScreen_Generation = YES;
				INFOPLIST_KEY_UISupportedInterfaceOrientations_iPad = "UIInterfaceOrientationPortrait UIInterfaceOrientationPortraitUpsideDown UIInterfaceOrientationLandscapeLeft UIInterfaceOrientationLandscapeRight";
				INFOPLIST_KEY_UISupportedInterfaceOrientations_iPhone = "UIInterfaceOrientationPortrait UIInterfaceOrientationLandscapeLeft UIInterfaceOrientationLandscapeRight";
				LD_RUNPATH_SEARCH_PATHS = (
					"$(inherited)",
					"@executable_path/Frameworks",
				);
				MARKETING_VERSION = 1.0;
				PRODUCT_BUNDLE_IDENTIFIER = home.demo.CircleGestureDemo;
				PRODUCT_NAME = "$(TARGET_NAME)";
				SWIFT_EMIT_LOC_STRINGS = YES;
				SWIFT_VERSION = 5.0;
				TARGETED_DEVICE_FAMILY = "1,2";
			};
			name = Release;
		};
/* End XCBuildConfiguration section */

/* Begin XCConfigurationList section */
		7467BC2A2959CA88004FBFC4 /* Build configuration list for PBXProject "CircleGestureDemo" */ = {
			isa = XCConfigurationList;
			buildConfigurations = (
				7467BC3B2959CA8A004FBFC4 /* Debug */,
				7467BC3C2959CA8A004FBFC4 /* Release */,
			);
			defaultConfigurationIsVisible = 0;
			defaultConfigurationName = Release;
		};
		7467BC3D2959CA8A004FBFC4 /* Build configuration list for PBXNativeTarget "CircleGestureDemo" */ = {
			isa = XCConfigurationList;
			buildConfigurations = (
				7467BC3E2959CA8A004FBFC4 /* Debug */,
				7467BC3F2959CA8A004FBFC4 /* Release */,
			);
			defaultConfigurationIsVisible = 0;
			defaultConfigurationName = Release;
		};
/* End XCConfigurationList section */

/* Begin XCRemoteSwiftPackageReference section */
		7467BC4A295BB181004FBFC4 /* XCRemoteSwiftPackageReference "FLAnimatedImage" */ = {
			isa = XCRemoteSwiftPackageReference;
			repositoryURL = "https://github.com/Flipboard/FLAnimatedImage";
			requirement = {
				kind = upToNextMajorVersion;
				minimumVersion = 1.0.0;
			};
		};
/* End XCRemoteSwiftPackageReference section */

/* Begin XCSwiftPackageProductDependency section */
		7467BC4B295BB181004FBFC4 /* FLAnimatedImage */ = {
			isa = XCSwiftPackageProductDependency;
			package = 7467BC4A295BB181004FBFC4 /* XCRemoteSwiftPackageReference "FLAnimatedImage" */;
			productName = FLAnimatedImage;
		};
/* End XCSwiftPackageProductDependency section */
	};
	rootObject = 7467BC272959CA88004FBFC4 /* Project object */;
}
